Microsoft Visual Studio Solution File, Format Version 12.00
# Visual Studio Version 17
VisualStudioVersion = 17.5.2.0
MinimumVisualStudioVersion = 10.0.40219.1
Project("{FAE04EC0-301F-11D3-BF4B-00C04F79EFBC}") = "ObjectColorDetect", "ObjectColorDetect.csproj", "{12916EC1-2E83-2BA4-CDA4-41CD107C0056}"
EndProject
Global
	GlobalSection(SolutionConfigurationPlatforms) = preSolution
		Debug|Any CPU = Debug|Any CPU
		Release|Any CPU = Release|Any CPU
	EndGlobalSection
	GlobalSection(ProjectConfigurationPlatforms) = postSolution
		{12916EC1-2E83-2BA4-CDA4-41CD107C0056}.Debug|Any CPU.ActiveCfg = Debug|Any CPU
		{12916EC1-2E83-2BA4-CDA4-41CD107C0056}.Debug|Any CPU.Build.0 = Debug|Any CPU
		{12916EC1-2E83-2BA4-CDA4-41CD107C0056}.Release|Any CPU.ActiveCfg = Release|Any CPU
		{12916EC1-2E83-2BA4-CDA4-41CD107C0056}.Release|Any CPU.Build.0 = Release|Any CPU
	EndGlobalSection
	GlobalSection(SolutionProperties) = preSolution
		HideSolutionNode = FALSE
	EndGlobalSection
	GlobalSection(ExtensibilityGlobals) = postSolution
		SolutionGuid = {699446EE-F59F-44FE-B0C9-DDF6D861D3B6}
	EndGlobalSection
EndGlobal
